
Microsoft Visual Studio Solution File, Format Version 12.00
# Visual Studio 15
VisualStudioVersion = 15.0.27130.2036
MinimumVisualStudioVersion = 10.0.40219.1
Project("{FAE04EC0-301F-11D3-BF4B-00C04F79EFBC}") = "SampleConsole", "SampleConsole\SampleConsole.csproj", "{CFEFB80B-B24A-4226-8C44-B79D079F0046}"
EndProject
Global
	GlobalSection(SolutionConfigurationPlatforms) = preSolution
		Debug|Any CPU = Debug|Any CPU
		Release|Any CPU = Release|Any CPU
	EndGlobalSection
	GlobalSection(ProjectConfigurationPlatforms) = postSolution
		{CFEFB80B-B24A-4226-8C44-B79D079F0046}.Debug|Any CPU.ActiveCfg = Debug|Any CPU
		{CFEFB80B-B24A-4226-8C44-B79D079F0046}.Debug|Any CPU.Build.0 = Debug|Any CPU
		{CFEFB80B-B24A-4226-8C44-B79D079F0046}.Release|Any CPU.ActiveCfg = Release|Any CPU
		{CFEFB80B-B24A-4226-8C44-B79D079F0046}.Release|Any CPU.Build.0 = Release|Any CPU
	EndGlobalSection
	GlobalSection(SolutionProperties) = preSolution
		HideSolutionNode = FALSE
	EndGlobalSection
	GlobalSection(ExtensibilityGlobals) = postSolution
		SolutionGuid = {F0115CB2-48C1-44EA-AB69-7FA40EAE1E4A}
	EndGlobalSection
EndGlobal
